
Microsoft Visual Studio Solution File, Format Version 12.00
# Visual Studio Version 17
VisualStudioVersion = 17.13.35931.197 d17.13
MinimumVisualStudioVersion = 10.0.40219.1
Project("{FAE04EC0-301F-11D3-BF4B-00C04F79EFBC}") = "HelloWorldApp", "HelloWorldApp\HelloWorldApp.csproj", "{E8B300BE-3603-463B-9B85-F1F2B340CD10}"
EndProject
Global
	GlobalSection(SolutionConfigurationPlatforms) = preSolution
		Debug|Any CPU = Debug|Any CPU
		Release|Any CPU = Release|Any CPU
	EndGlobalSection
	GlobalSection(ProjectConfigurationPlatforms) = postSolution
		{E8B300BE-3603-463B-9B85-F1F2B340CD10}.Debug|Any CPU.ActiveCfg = Debug|Any CPU
		{E8B300BE-3603-463B-9B85-F1F2B340CD10}.Debug|Any CPU.Build.0 = Debug|Any CPU
		{E8B300BE-3603-463B-9B85-F1F2B340CD10}.Release|Any CPU.ActiveCfg = Release|Any CPU
		{E8B300BE-3603-463B-9B85-F1F2B340CD10}.Release|Any CPU.Build.0 = Release|Any CPU
	EndGlobalSection
	GlobalSection(SolutionProperties) = preSolution
		HideSolutionNode = FALSE
	EndGlobalSection
	GlobalSection(ExtensibilityGlobals) = postSolution
		SolutionGuid = {3B941885-C0C8-4687-8FFF-0AC32F4704F0}
	EndGlobalSection
EndGlobal
